
Microsoft Visual Studio Solution File, Format Version 12.00
# Visual Studio Version 16
VisualStudioVersion = 16.0.30413.136
MinimumVisualStudioVersion = 10.0.40219.1
Project("{888888A0-9F3D-457C-B088-3A5042F75D52}") = "PythonApp3", "PythonApp3\PythonApp3.pyproj", "{5975B405-A6CA-4028-8CF3-B833C956EC51}"
EndProject
Global
	GlobalSection(SolutionConfigurationPlatforms) = preSolution
		Debug|Any CPU = Debug|Any CPU
		Release|Any CPU = Release|Any CPU
	EndGlobalSection
	GlobalSection(ProjectConfigurationPlatforms) = postSolution
		{5975B405-A6CA-4028-8CF3-B833C956EC51}.Debug|Any CPU.ActiveCfg = Debug|Any CPU
		{5975B405-A6CA-4028-8CF3-B833C956EC51}.Release|Any CPU.ActiveCfg = Release|Any CPU
	EndGlobalSection
	GlobalSection(SolutionProperties) = preSolution
		HideSolutionNode = FALSE
	EndGlobalSection
	GlobalSection(ExtensibilityGlobals) = postSolution
		SolutionGuid = {7543B23A-3C72-4E1A-9EC7-610CF54F6694}
	EndGlobalSection
EndGlobal
